{
  "pins" : [
    {
      "identity" : "ffmpeg-kit-spm",
      "kind" : "remoteSourceControl",
      "location" : "https://github.com/kaito-tokyo/ffmpeg-kit-spm.git",
      "state" : {
        "revision" : "7a83e70c1135cf3921f5acc1ac7ee2288fca304c",
        "version" : "6.0.2"
      }
    }
  ],
  "version" : 2
}
