// !$*UTF8*$!
{
	archiveVersion = 1;
	classes = {
	};
	objectVersion = 56;
	objects = {

/* Begin PBXBuildFile section */
		22183B492B9100E9004D6FAD /* RecordNoteStore.swift in Sources */ = {isa = PBXBuildFile; fileRef = 22183B482B9100E9004D6FAD /* RecordNoteStore.swift */; };
		2232A1792B91F66300F646E3 /* RecordNoteService.swift in Sources */ = {isa = PBXBuildFile; fileRef = 2232A1782B91F66300F646E3 /* RecordNoteService.swift */; };
		2232A1802B9220A600F646E3 /* EncodeService.swift in Sources */ = {isa = PBXBuildFile; fileRef = 2232A17F2B9220A600F646E3 /* EncodeService.swift */; };
		2232A1822B9223D000F646E3 /* EncodedVideoEntry.swift in Sources */ = {isa = PBXBuildFile; fileRef = 2232A1812B9223D000F646E3 /* EncodedVideoEntry.swift */; };
		2232A1842B92485900F646E3 /* PreviewEncodeService.swift in Sources */ = {isa = PBXBuildFile; fileRef = 2232A1832B92485900F646E3 /* PreviewEncodeService.swift */; };
		2232A1862B92557D00F646E3 /* RecordNoteEditorView.swift in Sources */ = {isa = PBXBuildFile; fileRef = 2232A1852B92557D00F646E3 /* RecordNoteEditorView.swift */; };
		2232A9492AFD273900330C23 /* RecoreonBroadcastPickerRepresentable.swift in Sources */ = {isa = PBXBuildFile; fileRef = 2232A9482AFD273900330C23 /* RecoreonBroadcastPickerRepresentable.swift */; };
		2232A94F2AFD3FEE00330C23 /* PixelBufferExtractor.swift in Sources */ = {isa = PBXBuildFile; fileRef = 2232A94C2AFD3FEE00330C23 /* PixelBufferExtractor.swift */; };
		2232A9532AFD469400330C23 /* RecorderView.swift in Sources */ = {isa = PBXBuildFile; fileRef = 2232A9522AFD469400330C23 /* RecorderView.swift */; };
		2232A9552AFD46ED00330C23 /* ScreenRecordListView.swift in Sources */ = {isa = PBXBuildFile; fileRef = 2232A9542AFD46ED00330C23 /* ScreenRecordListView.swift */; };
		2232A95C2AFD80A200330C23 /* Preview01.mp4 in Resources */ = {isa = PBXBuildFile; fileRef = 2232A95A2AFD80A200330C23 /* Preview01.mp4 */; };
		223427A32B93920000F25052 /* RecoreonServices.swift in Sources */ = {isa = PBXBuildFile; fileRef = 223427A22B93920000F25052 /* RecoreonServices.swift */; };
		223427A52B93934500F25052 /* PreviewRecoreonServices.swift in Sources */ = {isa = PBXBuildFile; fileRef = 223427A42B93934500F25052 /* PreviewRecoreonServices.swift */; };
		223427A72B9393CF00F25052 /* DefaultRecoreonServices.swift in Sources */ = {isa = PBXBuildFile; fileRef = 223427A62B9393CF00F25052 /* DefaultRecoreonServices.swift */; };
		223427A92B93944B00F25052 /* DefaultScreenRecordService.swift in Sources */ = {isa = PBXBuildFile; fileRef = 223427A82B93944B00F25052 /* DefaultScreenRecordService.swift */; };
		223427AE2B93991E00F25052 /* DefaultRecordNoteService.swift in Sources */ = {isa = PBXBuildFile; fileRef = 223427AD2B93991E00F25052 /* DefaultRecordNoteService.swift */; };
		223427B02B93996800F25052 /* DefaultEncodeService.swift in Sources */ = {isa = PBXBuildFile; fileRef = 223427AF2B93996800F25052 /* DefaultEncodeService.swift */; };
		223427B82B94CC9A00F25052 /* Record01-summary.txt in Resources */ = {isa = PBXBuildFile; fileRef = 223427B72B94CC9A00F25052 /* Record01-summary.txt */; };
		223B05822B90C34700A16852 /* ScreenRecordPreviewView.swift in Sources */ = {isa = PBXBuildFile; fileRef = 223B05812B90C34700A16852 /* ScreenRecordPreviewView.swift */; };
		223B05862B90CC3400A16852 /* RecordNoteEntry.swift in Sources */ = {isa = PBXBuildFile; fileRef = 223B05852B90CC3400A16852 /* RecordNoteEntry.swift */; };
		223B05892B90D5D800A16852 /* Record01-1.txt in Resources */ = {isa = PBXBuildFile; fileRef = 223B05872B90CD8700A16852 /* Record01-1.txt */; };
		223B058A2B90D5D800A16852 /* Record01-2.txt in Resources */ = {isa = PBXBuildFile; fileRef = 223B05882B90CDA400A16852 /* Record01-2.txt */; };
		22400E5F2B01509E00900660 /* ScreenRecordWriterTests.m in Sources */ = {isa = PBXBuildFile; fileRef = 22400E5E2B01509E00900660 /* ScreenRecordWriterTests.m */; };
		224E5D842B01F3A400E9C628 /* ScreenRecordWriter.m in Sources */ = {isa = PBXBuildFile; fileRef = 224E5D832B01F3A400E9C628 /* ScreenRecordWriter.m */; };
		224E5D862B01F3C700E9C628 /* ScreenRecordWriter.m in Sources */ = {isa = PBXBuildFile; fileRef = 224E5D832B01F3A400E9C628 /* ScreenRecordWriter.m */; };
		226A89852AFB1B7F00EBD2CA /* ScreenRecordService.swift in Sources */ = {isa = PBXBuildFile; fileRef = 226A89842AFB1B7F00EBD2CA /* ScreenRecordService.swift */; };
		226A898F2AFB2EA500EBD2CA /* PreviewScreenRecordService.swift in Sources */ = {isa = PBXBuildFile; fileRef = 226A898E2AFB2EA500EBD2CA /* PreviewScreenRecordService.swift */; };
		226A89922AFB30D900EBD2CA /* ScreenRecordEntry.swift in Sources */ = {isa = PBXBuildFile; fileRef = 226A89912AFB30D900EBD2CA /* ScreenRecordEntry.swift */; };
		226DA51B2AFCD43000F00B0D /* EncodingPreset.swift in Sources */ = {isa = PBXBuildFile; fileRef = 226DA51A2AFCD43000F00B0D /* EncodingPreset.swift */; };
		2284B93B2B94DE38008DF56F /* libRecoreonCommon.a in Frameworks */ = {isa = PBXBuildFile; fileRef = 2284B9312B94DE21008DF56F /* libRecoreonCommon.a */; };
		2284B93C2B94DE4C008DF56F /* RecoreonPathService.swift in Sources */ = {isa = PBXBuildFile; fileRef = 223427AA2B93953000F25052 /* RecoreonPathService.swift */; };
		2284B93F2B94DE81008DF56F /* libRecoreonCommon.a in Frameworks */ = {isa = PBXBuildFile; fileRef = 2284B9312B94DE21008DF56F /* libRecoreonCommon.a */; };
		2284B9422B94E407008DF56F /* AppGroupsPreferenceService.swift in Sources */ = {isa = PBXBuildFile; fileRef = 2284B9412B94E407008DF56F /* AppGroupsPreferenceService.swift */; };
		2284B9442B94E4F2008DF56F /* RecoreonCommon.swift in Sources */ = {isa = PBXBuildFile; fileRef = 2284B9432B94E4F2008DF56F /* RecoreonCommon.swift */; };
		22966A212AFD9ED40080324D /* ScreenRecordDetailView.swift in Sources */ = {isa = PBXBuildFile; fileRef = 22966A202AFD9ED40080324D /* ScreenRecordDetailView.swift */; };
		22966A232AFE29660080324D /* Record01.mkv in Resources */ = {isa = PBXBuildFile; fileRef = 22966A222AFE29660080324D /* Record01.mkv */; };
		22966A282AFE50B10080324D /* ScreenRecordEncoderView.swift in Sources */ = {isa = PBXBuildFile; fileRef = 22966A272AFE50B10080324D /* ScreenRecordEncoderView.swift */; };
		22966A2E2AFE756F0080324D /* ScreenRecordView.swift in Sources */ = {isa = PBXBuildFile; fileRef = 22966A2D2AFE756F0080324D /* ScreenRecordView.swift */; };
		22966A332AFE8D1B0080324D /* ScreenRecordStore.swift in Sources */ = {isa = PBXBuildFile; fileRef = 22966A322AFE8D1B0080324D /* ScreenRecordStore.swift */; };
		22AA3D912B9567C700C64E7E /* Preview02.mp4 in Resources */ = {isa = PBXBuildFile; fileRef = 22AA3D8F2B9567C700C64E7E /* Preview02.mp4 */; };
		22AA3D922B9567C700C64E7E /* Record02.mkv in Resources */ = {isa = PBXBuildFile; fileRef = 22AA3D902B9567C700C64E7E /* Record02.mkv */; };
		22AAC7F32B90B7B500078129 /* Localizable.xcstrings in Resources */ = {isa = PBXBuildFile; fileRef = 22AAC7F22B90B7B500078129 /* Localizable.xcstrings */; };
		22C18AE62AF2B08B00C41B49 /* SampleHandler.swift in Sources */ = {isa = PBXBuildFile; fileRef = 22C18AE52AF2B08B00C41B49 /* SampleHandler.swift */; };
		22C18AF12AF2B08C00C41B49 /* BroadcastSetupViewController.swift in Sources */ = {isa = PBXBuildFile; fileRef = 22C18AF02AF2B08C00C41B49 /* BroadcastSetupViewController.swift */; };
		22C18AF52AF2B08C00C41B49 /* RecoreonBroadcastUploadExtensionSetupUI.appex in Embed Foundation Extensions */ = {isa = PBXBuildFile; fileRef = 22C18AEC2AF2B08C00C41B49 /* RecoreonBroadcastUploadExtensionSetupUI.appex */; settings = {ATTRIBUTES = (RemoveHeadersOnCopy, ); }; };
		22C18AF82AF2B08C00C41B49 /* RecoreonBroadcastUploadExtension.appex in Embed Foundation Extensions */ = {isa = PBXBuildFile; fileRef = 22C18AE22AF2B08B00C41B49 /* RecoreonBroadcastUploadExtension.appex */; settings = {ATTRIBUTES = (RemoveHeadersOnCopy, ); }; };
		22C3CCFB2AF240B30039750A /* RecoreonApp.swift in Sources */ = {isa = PBXBuildFile; fileRef = 22C3CCFA2AF240B30039750A /* RecoreonApp.swift */; };
		22C3CCFD2AF240B30039750A /* ContentView.swift in Sources */ = {isa = PBXBuildFile; fileRef = 22C3CCFC2AF240B30039750A /* ContentView.swift */; };
		22C3CCFF2AF240B30039750A /* Assets.xcassets in Resources */ = {isa = PBXBuildFile; fileRef = 22C3CCFE2AF240B30039750A /* Assets.xcassets */; };
		22C3CD022AF240B30039750A /* Preview Assets.xcassets in Resources */ = {isa = PBXBuildFile; fileRef = 22C3CD012AF240B30039750A /* Preview Assets.xcassets */; };
		22C3CD0C2AF240B40039750A /* RecoreonTests.swift in Sources */ = {isa = PBXBuildFile; fileRef = 22C3CD0B2AF240B40039750A /* RecoreonTests.swift */; };
		22C3CD162AF240B40039750A /* RecoreonUITests.swift in Sources */ = {isa = PBXBuildFile; fileRef = 22C3CD152AF240B40039750A /* RecoreonUITests.swift */; };
		22C3CD182AF240B40039750A /* RecoreonUITestsLaunchTests.swift in Sources */ = {isa = PBXBuildFile; fileRef = 22C3CD172AF240B40039750A /* RecoreonUITestsLaunchTests.swift */; };
		22F103CF2B8F212600F192E6 /* FFmpegKit in Frameworks */ = {isa = PBXBuildFile; productRef = 22F103CE2B8F212600F192E6 /* FFmpegKit */; };
		22F103D22B8F22C900F192E6 /* FFmpegKit in Frameworks */ = {isa = PBXBuildFile; productRef = 22F103D12B8F22C900F192E6 /* FFmpegKit */; };
		22F103D82B8F2CF400F192E6 /* FFmpegKit in Frameworks */ = {isa = PBXBuildFile; productRef = 22F103D72B8F2CF400F192E6 /* FFmpegKit */; };
/* End PBXBuildFile section */

/* Begin PBXContainerItemProxy section */
		2284B9382B94DE31008DF56F /* PBXContainerItemProxy */ = {
			isa = PBXContainerItemProxy;
			containerPortal = 22C3CCEF2AF240B30039750A /* Project object */;
			proxyType = 1;
			remoteGlobalIDString = 2284B9302B94DE21008DF56F;
			remoteInfo = RecoreonCommon;
		};
		2284B93D2B94DE7D008DF56F /* PBXContainerItemProxy */ = {
			isa = PBXContainerItemProxy;
			containerPortal = 22C3CCEF2AF240B30039750A /* Project object */;
			proxyType = 1;
			remoteGlobalIDString = 2284B9302B94DE21008DF56F;
			remoteInfo = RecoreonCommon;
		};
		22C18AF32AF2B08C00C41B49 /* PBXContainerItemProxy */ = {
			isa = PBXContainerItemProxy;
			containerPortal = 22C3CCEF2AF240B30039750A /* Project object */;
			proxyType = 1;
			remoteGlobalIDString = 22C18AEB2AF2B08B00C41B49;
			remoteInfo = RecoreonBroadcastUploadExtensionSetupUI;
		};
		22C18AF62AF2B08C00C41B49 /* PBXContainerItemProxy */ = {
			isa = PBXContainerItemProxy;
			containerPortal = 22C3CCEF2AF240B30039750A /* Project object */;
			proxyType = 1;
			remoteGlobalIDString = 22C18AE12AF2B08B00C41B49;
			remoteInfo = RecoreonBroadcastUploadExtension;
		};
		22C3CD082AF240B40039750A /* PBXContainerItemProxy */ = {
			isa = PBXContainerItemProxy;
			containerPortal = 22C3CCEF2AF240B30039750A /* Project object */;
			proxyType = 1;
			remoteGlobalIDString = 22C3CCF62AF240B30039750A;
			remoteInfo = Recoreon;
		};
		22C3CD122AF240B40039750A /* PBXContainerItemProxy */ = {
			isa = PBXContainerItemProxy;
			containerPortal = 22C3CCEF2AF240B30039750A /* Project object */;
			proxyType = 1;
			remoteGlobalIDString = 22C3CCF62AF240B30039750A;
			remoteInfo = Recoreon;
		};
/* End PBXContainerItemProxy section */

/* Begin PBXCopyFilesBuildPhase section */
		2284B92F2B94DE21008DF56F /* CopyFiles */ = {
			isa = PBXCopyFilesBuildPhase;
			buildActionMask = 2147483647;
			dstPath = "include/$(PRODUCT_NAME)";
			dstSubfolderSpec = 16;
			files = (
			);
			runOnlyForDeploymentPostprocessing = 0;
		};
		22C18AC92AF2AEAA00C41B49 /* Embed Foundation Extensions */ = {
			isa = PBXCopyFilesBuildPhase;
			buildActionMask = 2147483647;
			dstPath = "";
			dstSubfolderSpec = 13;
			files = (
				22C18AF82AF2B08C00C41B49 /* RecoreonBroadcastUploadExtension.appex in Embed Foundation Extensions */,
				22C18AF52AF2B08C00C41B49 /* RecoreonBroadcastUploadExtensionSetupUI.appex in Embed Foundation Extensions */,
			);
			name = "Embed Foundation Extensions";
			runOnlyForDeploymentPostprocessing = 0;
		};
/* End PBXCopyFilesBuildPhase section */

/* Begin PBXFileReference section */
		22183B482B9100E9004D6FAD /* RecordNoteStore.swift */ = {isa = PBXFileReference; lastKnownFileType = sourcecode.swift; path = RecordNoteStore.swift; sourceTree = "<group>"; };
		2232A1782B91F66300F646E3 /* RecordNoteService.swift */ = {isa = PBXFileReference; lastKnownFileType = sourcecode.swift; path = RecordNoteService.swift; sourceTree = "<group>"; };
		2232A17F2B9220A600F646E3 /* EncodeService.swift */ = {isa = PBXFileReference; lastKnownFileType = sourcecode.swift; path = EncodeService.swift; sourceTree = "<group>"; };
		2232A1812B9223D000F646E3 /* EncodedVideoEntry.swift */ = {isa = PBXFileReference; lastKnownFileType = sourcecode.swift; path = EncodedVideoEntry.swift; sourceTree = "<group>"; };
		2232A1832B92485900F646E3 /* PreviewEncodeService.swift */ = {isa = PBXFileReference; lastKnownFileType = sourcecode.swift; path = PreviewEncodeService.swift; sourceTree = "<group>"; };
		2232A1852B92557D00F646E3 /* RecordNoteEditorView.swift */ = {isa = PBXFileReference; lastKnownFileType = sourcecode.swift; path = RecordNoteEditorView.swift; sourceTree = "<group>"; };
		2232A9482AFD273900330C23 /* RecoreonBroadcastPickerRepresentable.swift */ = {isa = PBXFileReference; lastKnownFileType = sourcecode.swift; path = RecoreonBroadcastPickerRepresentable.swift; sourceTree = "<group>"; };
		2232A94C2AFD3FEE00330C23 /* PixelBufferExtractor.swift */ = {isa = PBXFileReference; fileEncoding = 4; lastKnownFileType = sourcecode.swift; name = PixelBufferExtractor.swift; path = RecoreonBroadcastUploadExtension/PixelBufferExtractor.swift; sourceTree = SOURCE_ROOT; };
		2232A9522AFD469400330C23 /* RecorderView.swift */ = {isa = PBXFileReference; lastKnownFileType = sourcecode.swift; path = RecorderView.swift; sourceTree = "<group>"; };
		2232A9542AFD46ED00330C23 /* ScreenRecordListView.swift */ = {isa = PBXFileReference; lastKnownFileType = sourcecode.swift; path = ScreenRecordListView.swift; sourceTree = "<group>"; };
		2232A95A2AFD80A200330C23 /* Preview01.mp4 */ = {isa = PBXFileReference; lastKnownFileType = file; path = Preview01.mp4; sourceTree = "<group>"; };
		223427A22B93920000F25052 /* RecoreonServices.swift */ = {isa = PBXFileReference; lastKnownFileType = sourcecode.swift; path = RecoreonServices.swift; sourceTree = "<group>"; };
		223427A42B93934500F25052 /* PreviewRecoreonServices.swift */ = {isa = PBXFileReference; lastKnownFileType = sourcecode.swift; path = PreviewRecoreonServices.swift; sourceTree = "<group>"; };
		223427A62B9393CF00F25052 /* DefaultRecoreonServices.swift */ = {isa = PBXFileReference; lastKnownFileType = sourcecode.swift; path = DefaultRecoreonServices.swift; sourceTree = "<group>"; };
		223427A82B93944B00F25052 /* DefaultScreenRecordService.swift */ = {isa = PBXFileReference; lastKnownFileType = sourcecode.swift; path = DefaultScreenRecordService.swift; sourceTree = "<group>"; };
		223427AA2B93953000F25052 /* RecoreonPathService.swift */ = {isa = PBXFileReference; lastKnownFileType = sourcecode.swift; path = RecoreonPathService.swift; sourceTree = "<group>"; };
		223427AD2B93991E00F25052 /* DefaultRecordNoteService.swift */ = {isa = PBXFileReference; lastKnownFileType = sourcecode.swift; path = DefaultRecordNoteService.swift; sourceTree = "<group>"; };
		223427AF2B93996800F25052 /* DefaultEncodeService.swift */ = {isa = PBXFileReference; lastKnownFileType = sourcecode.swift; path = DefaultEncodeService.swift; sourceTree = "<group>"; };
		223427B72B94CC9A00F25052 /* Record01-summary.txt */ = {isa = PBXFileReference; lastKnownFileType = text; path = "Record01-summary.txt"; sourceTree = "<group>"; };
		223B05812B90C34700A16852 /* ScreenRecordPreviewView.swift */ = {isa = PBXFileReference; lastKnownFileType = sourcecode.swift; path = ScreenRecordPreviewView.swift; sourceTree = "<group>"; };
		223B05852B90CC3400A16852 /* RecordNoteEntry.swift */ = {isa = PBXFileReference; lastKnownFileType = sourcecode.swift; path = RecordNoteEntry.swift; sourceTree = "<group>"; };
		223B05872B90CD8700A16852 /* Record01-1.txt */ = {isa = PBXFileReference; lastKnownFileType = text; path = "Record01-1.txt"; sourceTree = "<group>"; };
		223B05882B90CDA400A16852 /* Record01-2.txt */ = {isa = PBXFileReference; lastKnownFileType = text; path = "Record01-2.txt"; sourceTree = "<group>"; };
		22400E5D2B01509E00900660 /* RecoreonTests-Bridging-Header.h */ = {isa = PBXFileReference; lastKnownFileType = sourcecode.c.h; path = "RecoreonTests-Bridging-Header.h"; sourceTree = "<group>"; };
		22400E5E2B01509E00900660 /* ScreenRecordWriterTests.m */ = {isa = PBXFileReference; lastKnownFileType = sourcecode.c.objc; path = ScreenRecordWriterTests.m; sourceTree = "<group>"; };
		224E5D832B01F3A400E9C628 /* ScreenRecordWriter.m */ = {isa = PBXFileReference; lastKnownFileType = sourcecode.c.objc; path = ScreenRecordWriter.m; sourceTree = "<group>"; };
		224E5D852B01F3B100E9C628 /* ScreenRecordWriter.h */ = {isa = PBXFileReference; lastKnownFileType = sourcecode.c.h; path = ScreenRecordWriter.h; sourceTree = "<group>"; };
		226A89842AFB1B7F00EBD2CA /* ScreenRecordService.swift */ = {isa = PBXFileReference; lastKnownFileType = sourcecode.swift; path = ScreenRecordService.swift; sourceTree = "<group>"; };
		226A898E2AFB2EA500EBD2CA /* PreviewScreenRecordService.swift */ = {isa = PBXFileReference; lastKnownFileType = sourcecode.swift; path = PreviewScreenRecordService.swift; sourceTree = "<group>"; };
		226A89912AFB30D900EBD2CA /* ScreenRecordEntry.swift */ = {isa = PBXFileReference; lastKnownFileType = sourcecode.swift; path = ScreenRecordEntry.swift; sourceTree = "<group>"; };
		226DA51A2AFCD43000F00B0D /* EncodingPreset.swift */ = {isa = PBXFileReference; lastKnownFileType = sourcecode.swift; path = EncodingPreset.swift; sourceTree = "<group>"; };
		2284B9312B94DE21008DF56F /* libRecoreonCommon.a */ = {isa = PBXFileReference; explicitFileType = archive.ar; includeInIndex = 0; path = libRecoreonCommon.a; sourceTree = BUILT_PRODUCTS_DIR; };
		2284B9412B94E407008DF56F /* AppGroupsPreferenceService.swift */ = {isa = PBXFileReference; lastKnownFileType = sourcecode.swift; path = AppGroupsPreferenceService.swift; sourceTree = "<group>"; };
		2284B9432B94E4F2008DF56F /* RecoreonCommon.swift */ = {isa = PBXFileReference; lastKnownFileType = sourcecode.swift; path = RecoreonCommon.swift; sourceTree = "<group>"; };
		22966A202AFD9ED40080324D /* ScreenRecordDetailView.swift */ = {isa = PBXFileReference; lastKnownFileType = sourcecode.swift; path = ScreenRecordDetailView.swift; sourceTree = "<group>"; };
		22966A222AFE29660080324D /* Record01.mkv */ = {isa = PBXFileReference; lastKnownFileType = file; path = Record01.mkv; sourceTree = "<group>"; };
		22966A272AFE50B10080324D /* ScreenRecordEncoderView.swift */ = {isa = PBXFileReference; lastKnownFileType = sourcecode.swift; path = ScreenRecordEncoderView.swift; sourceTree = "<group>"; };
		22966A2D2AFE756F0080324D /* ScreenRecordView.swift */ = {isa = PBXFileReference; lastKnownFileType = sourcecode.swift; path = ScreenRecordView.swift; sourceTree = "<group>"; };
		22966A322AFE8D1B0080324D /* ScreenRecordStore.swift */ = {isa = PBXFileReference; lastKnownFileType = sourcecode.swift; path = ScreenRecordStore.swift; sourceTree = "<group>"; };
		22AA3D8F2B9567C700C64E7E /* Preview02.mp4 */ = {isa = PBXFileReference; lastKnownFileType = file; path = Preview02.mp4; sourceTree = "<group>"; };
		22AA3D902B9567C700C64E7E /* Record02.mkv */ = {isa = PBXFileReference; lastKnownFileType = file; path = Record02.mkv; sourceTree = "<group>"; };
		22AAC7F22B90B7B500078129 /* Localizable.xcstrings */ = {isa = PBXFileReference; lastKnownFileType = text.json.xcstrings; path = Localizable.xcstrings; sourceTree = "<group>"; };
		22C18AE22AF2B08B00C41B49 /* RecoreonBroadcastUploadExtension.appex */ = {isa = PBXFileReference; explicitFileType = "wrapper.app-extension"; includeInIndex = 0; path = RecoreonBroadcastUploadExtension.appex; sourceTree = BUILT_PRODUCTS_DIR; };
		22C18AE52AF2B08B00C41B49 /* SampleHandler.swift */ = {isa = PBXFileReference; lastKnownFileType = sourcecode.swift; path = SampleHandler.swift; sourceTree = "<group>"; };
		22C18AE72AF2B08B00C41B49 /* Info.plist */ = {isa = PBXFileReference; lastKnownFileType = text.plist.xml; path = Info.plist; sourceTree = "<group>"; };
		22C18AEC2AF2B08C00C41B49 /* RecoreonBroadcastUploadExtensionSetupUI.appex */ = {isa = PBXFileReference; explicitFileType = "wrapper.app-extension"; includeInIndex = 0; path = RecoreonBroadcastUploadExtensionSetupUI.appex; sourceTree = BUILT_PRODUCTS_DIR; };
		22C18AF02AF2B08C00C41B49 /* BroadcastSetupViewController.swift */ = {isa = PBXFileReference; lastKnownFileType = sourcecode.swift; path = BroadcastSetupViewController.swift; sourceTree = "<group>"; };
		22C18AF22AF2B08C00C41B49 /* Info.plist */ = {isa = PBXFileReference; lastKnownFileType = text.plist.xml; path = Info.plist; sourceTree = "<group>"; };
		22C18B012AF2B17000C41B49 /* RecoreonBroadcastUploadExtension-Bridging-Header.h */ = {isa = PBXFileReference; lastKnownFileType = sourcecode.c.h; path = "RecoreonBroadcastUploadExtension-Bridging-Header.h"; sourceTree = "<group>"; };
		22C18B052AF2C20800C41B49 /* Recoreon.entitlements */ = {isa = PBXFileReference; lastKnownFileType = text.plist.entitlements; path = Recoreon.entitlements; sourceTree = "<group>"; };
		22C18B062AF2C23B00C41B49 /* RecoreonBroadcastUploadExtension.entitlements */ = {isa = PBXFileReference; lastKnownFileType = text.plist.entitlements; path = RecoreonBroadcastUploadExtension.entitlements; sourceTree = "<group>"; };
		22C18B072AF2CE1300C41B49 /* RecoreonBroadcastUploadExtensionSetupUI.entitlements */ = {isa = PBXFileReference; lastKnownFileType = text.plist.entitlements; path = RecoreonBroadcastUploadExtensionSetupUI.entitlements; sourceTree = "<group>"; };
		22C3CCF72AF240B30039750A /* Recoreon.app */ = {isa = PBXFileReference; explicitFileType = wrapper.application; includeInIndex = 0; path = Recoreon.app; sourceTree = BUILT_PRODUCTS_DIR; };
		22C3CCFA2AF240B30039750A /* RecoreonApp.swift */ = {isa = PBXFileReference; lastKnownFileType = sourcecode.swift; path = RecoreonApp.swift; sourceTree = "<group>"; };
		22C3CCFC2AF240B30039750A /* ContentView.swift */ = {isa = PBXFileReference; lastKnownFileType = sourcecode.swift; path = ContentView.swift; sourceTree = "<group>"; };
		22C3CCFE2AF240B30039750A /* Assets.xcassets */ = {isa = PBXFileReference; lastKnownFileType = folder.assetcatalog; path = Assets.xcassets; sourceTree = "<group>"; };
		22C3CD012AF240B30039750A /* Preview Assets.xcassets */ = {isa = PBXFileReference; lastKnownFileType = folder.assetcatalog; path = "Preview Assets.xcassets"; sourceTree = "<group>"; };
		22C3CD072AF240B40039750A /* RecoreonTests.xctest */ = {isa = PBXFileReference; explicitFileType = wrapper.cfbundle; includeInIndex = 0; path = RecoreonTests.xctest; sourceTree = BUILT_PRODUCTS_DIR; };
		22C3CD0B2AF240B40039750A /* RecoreonTests.swift */ = {isa = PBXFileReference; lastKnownFileType = sourcecode.swift; path = RecoreonTests.swift; sourceTree = "<group>"; };
		22C3CD112AF240B40039750A /* RecoreonUITests.xctest */ = {isa = PBXFileReference; explicitFileType = wrapper.cfbundle; includeInIndex = 0; path = RecoreonUITests.xctest; sourceTree = BUILT_PRODUCTS_DIR; };
		22C3CD152AF240B40039750A /* RecoreonUITests.swift */ = {isa = PBXFileReference; lastKnownFileType = sourcecode.swift; path = RecoreonUITests.swift; sourceTree = "<group>"; };
		22C3CD172AF240B40039750A /* RecoreonUITestsLaunchTests.swift */ = {isa = PBXFileReference; lastKnownFileType = sourcecode.swift; path = RecoreonUITestsLaunchTests.swift; sourceTree = "<group>"; };
		22C3CD242AF241140039750A /* Recoreon-Bridging-Header.h */ = {isa = PBXFileReference; lastKnownFileType = sourcecode.c.h; path = "Recoreon-Bridging-Header.h"; sourceTree = "<group>"; };
		22C3CD2A2AF28CED0039750A /* Info.plist */ = {isa = PBXFileReference; lastKnownFileType = text.plist; path = Info.plist; sourceTree = "<group>"; };
/* End PBXFileReference section */

/* Begin PBXFrameworksBuildPhase section */
		2284B92E2B94DE21008DF56F /* Frameworks */ = {
			isa = PBXFrameworksBuildPhase;
			buildActionMask = 2147483647;
			files = (
			);
			runOnlyForDeploymentPostprocessing = 0;
		};
		22C18ADF2AF2B08B00C41B49 /* Frameworks */ = {
			isa = PBXFrameworksBuildPhase;
			buildActionMask = 2147483647;
			files = (
				22F103D22B8F22C900F192E6 /* FFmpegKit in Frameworks */,
				2284B93B2B94DE38008DF56F /* libRecoreonCommon.a in Frameworks */,
			);
			runOnlyForDeploymentPostprocessing = 0;
		};
		22C18AE92AF2B08B00C41B49 /* Frameworks */ = {
			isa = PBXFrameworksBuildPhase;
			buildActionMask = 2147483647;
			files = (
			);
			runOnlyForDeploymentPostprocessing = 0;
		};
		22C3CCF42AF240B30039750A /* Frameworks */ = {
			isa = PBXFrameworksBuildPhase;
			buildActionMask = 2147483647;
			files = (
				22F103CF2B8F212600F192E6 /* FFmpegKit in Frameworks */,
				2284B93F2B94DE81008DF56F /* libRecoreonCommon.a in Frameworks */,
			);
			runOnlyForDeploymentPostprocessing = 0;
		};
		22C3CD042AF240B40039750A /* Frameworks */ = {
			isa = PBXFrameworksBuildPhase;
			buildActionMask = 2147483647;
			files = (
				22F103D82B8F2CF400F192E6 /* FFmpegKit in Frameworks */,
			);
			runOnlyForDeploymentPostprocessing = 0;
		};
		22C3CD0E2AF240B40039750A /* Frameworks */ = {
			isa = PBXFrameworksBuildPhase;
			buildActionMask = 2147483647;
			files = (
			);
			runOnlyForDeploymentPostprocessing = 0;
		};
/* End PBXFrameworksBuildPhase section */

/* Begin PBXGroup section */
		223B05782B90BC9B00A16852 /* UI */ = {
			isa = PBXGroup;
			children = (
				223B057A2B90BCBB00A16852 /* RecorderView */,
				223B05802B90BD5D00A16852 /* ScreenRecordView */,
				22C3CCFC2AF240B30039750A /* ContentView.swift */,
				22C3CCFA2AF240B30039750A /* RecoreonApp.swift */,
				2232A9482AFD273900330C23 /* RecoreonBroadcastPickerRepresentable.swift */,
			);
			path = UI;
			sourceTree = "<group>";
		};
		223B057A2B90BCBB00A16852 /* RecorderView */ = {
			isa = PBXGroup;
			children = (
				2232A9522AFD469400330C23 /* RecorderView.swift */,
			);
			path = RecorderView;
			sourceTree = "<group>";
		};
		223B057D2B90BD0500A16852 /* Models */ = {
			isa = PBXGroup;
			children = (
				2232A1812B9223D000F646E3 /* EncodedVideoEntry.swift */,
				226DA51A2AFCD43000F00B0D /* EncodingPreset.swift */,
				223B05852B90CC3400A16852 /* RecordNoteEntry.swift */,
				226A89912AFB30D900EBD2CA /* ScreenRecordEntry.swift */,
			);
			path = Models;
			sourceTree = "<group>";
		};
		223B057E2B90BD1D00A16852 /* Services */ = {
			isa = PBXGroup;
			children = (
				223427AF2B93996800F25052 /* DefaultEncodeService.swift */,
				223427AD2B93991E00F25052 /* DefaultRecordNoteService.swift */,
				223427A62B9393CF00F25052 /* DefaultRecoreonServices.swift */,
				223427A82B93944B00F25052 /* DefaultScreenRecordService.swift */,
				2232A17F2B9220A600F646E3 /* EncodeService.swift */,
				2232A1782B91F66300F646E3 /* RecordNoteService.swift */,
				223427A22B93920000F25052 /* RecoreonServices.swift */,
				226A89842AFB1B7F00EBD2CA /* ScreenRecordService.swift */,
			);
			path = Services;
			sourceTree = "<group>";
		};
		223B057F2B90BD3700A16852 /* Stores */ = {
			isa = PBXGroup;
			children = (
				22183B482B9100E9004D6FAD /* RecordNoteStore.swift */,
				22966A322AFE8D1B0080324D /* ScreenRecordStore.swift */,
			);
			path = Stores;
			sourceTree = "<group>";
		};
		223B05802B90BD5D00A16852 /* ScreenRecordView */ = {
			isa = PBXGroup;
			children = (
				2232A1852B92557D00F646E3 /* RecordNoteEditorView.swift */,
				22966A202AFD9ED40080324D /* ScreenRecordDetailView.swift */,
				22966A272AFE50B10080324D /* ScreenRecordEncoderView.swift */,
				2232A9542AFD46ED00330C23 /* ScreenRecordListView.swift */,
				223B05812B90C34700A16852 /* ScreenRecordPreviewView.swift */,
				22966A2D2AFE756F0080324D /* ScreenRecordView.swift */,
			);
			path = ScreenRecordView;
			sourceTree = "<group>";
		};
		2284B9322B94DE21008DF56F /* RecoreonCommon */ = {
			isa = PBXGroup;
			children = (
				2284B9412B94E407008DF56F /* AppGroupsPreferenceService.swift */,
				2284B9432B94E4F2008DF56F /* RecoreonCommon.swift */,
				223427AA2B93953000F25052 /* RecoreonPathService.swift */,
			);
			path = RecoreonCommon;
			sourceTree = "<group>";
		};
		2284B93A2B94DE38008DF56F /* Frameworks */ = {
			isa = PBXGroup;
			children = (
			);
			name = Frameworks;
			sourceTree = "<group>";
		};
		22966A252AFE47110080324D /* Services */ = {
			isa = PBXGroup;
			children = (
				2232A94C2AFD3FEE00330C23 /* PixelBufferExtractor.swift */,
				224E5D852B01F3B100E9C628 /* ScreenRecordWriter.h */,
				224E5D832B01F3A400E9C628 /* ScreenRecordWriter.m */,
			);
			name = Services;
			sourceTree = "<group>";
		};
		22C18AE42AF2B08B00C41B49 /* RecoreonBroadcastUploadExtension */ = {
			isa = PBXGroup;
			children = (
				22966A252AFE47110080324D /* Services */,
				22C18AE72AF2B08B00C41B49 /* Info.plist */,
				22C18B012AF2B17000C41B49 /* RecoreonBroadcastUploadExtension-Bridging-Header.h */,
				22C18B062AF2C23B00C41B49 /* RecoreonBroadcastUploadExtension.entitlements */,
				22C18AE52AF2B08B00C41B49 /* SampleHandler.swift */,
			);
			path = RecoreonBroadcastUploadExtension;
			sourceTree = "<group>";
		};
		22C18AEF2AF2B08C00C41B49 /* RecoreonBroadcastUploadExtensionSetupUI */ = {
			isa = PBXGroup;
			children = (
				22C18AF02AF2B08C00C41B49 /* BroadcastSetupViewController.swift */,
				22C18AF22AF2B08C00C41B49 /* Info.plist */,
				22C18B072AF2CE1300C41B49 /* RecoreonBroadcastUploadExtensionSetupUI.entitlements */,
			);
			path = RecoreonBroadcastUploadExtensionSetupUI;
			sourceTree = "<group>";
		};
		22C3CCEE2AF240B30039750A = {
			isa = PBXGroup;
			children = (
				22C3CCF92AF240B30039750A /* Recoreon */,
				22C3CD0A2AF240B40039750A /* RecoreonTests */,
				22C3CD142AF240B40039750A /* RecoreonUITests */,
				22C18AE42AF2B08B00C41B49 /* RecoreonBroadcastUploadExtension */,
				22C18AEF2AF2B08C00C41B49 /* RecoreonBroadcastUploadExtensionSetupUI */,
				2284B9322B94DE21008DF56F /* RecoreonCommon */,
				22C3CCF82AF240B30039750A /* Products */,
				2284B93A2B94DE38008DF56F /* Frameworks */,
			);
			sourceTree = "<group>";
		};
		22C3CCF82AF240B30039750A /* Products */ = {
			isa = PBXGroup;
			children = (
				22C3CCF72AF240B30039750A /* Recoreon.app */,
				22C3CD072AF240B40039750A /* RecoreonTests.xctest */,
				22C3CD112AF240B40039750A /* RecoreonUITests.xctest */,
				22C18AE22AF2B08B00C41B49 /* RecoreonBroadcastUploadExtension.appex */,
				22C18AEC2AF2B08C00C41B49 /* RecoreonBroadcastUploadExtensionSetupUI.appex */,
				2284B9312B94DE21008DF56F /* libRecoreonCommon.a */,
			);
			name = Products;
			sourceTree = "<group>";
		};
		22C3CCF92AF240B30039750A /* Recoreon */ = {
			isa = PBXGroup;
			children = (
				223B057D2B90BD0500A16852 /* Models */,
				22C3CD002AF240B30039750A /* Preview Content */,
				223B057E2B90BD1D00A16852 /* Services */,
				223B057F2B90BD3700A16852 /* Stores */,
				223B05782B90BC9B00A16852 /* UI */,
				22C3CCFE2AF240B30039750A /* Assets.xcassets */,
				22C3CD2A2AF28CED0039750A /* Info.plist */,
				22AAC7F22B90B7B500078129 /* Localizable.xcstrings */,
				22C3CD242AF241140039750A /* Recoreon-Bridging-Header.h */,
				22C18B052AF2C20800C41B49 /* Recoreon.entitlements */,
			);
			path = Recoreon;
			sourceTree = "<group>";
		};
		22C3CD002AF240B30039750A /* Preview Content */ = {
			isa = PBXGroup;
			children = (
				22C3CD012AF240B30039750A /* Preview Assets.xcassets */,
				2232A95A2AFD80A200330C23 /* Preview01.mp4 */,
				22AA3D8F2B9567C700C64E7E /* Preview02.mp4 */,
				2232A1832B92485900F646E3 /* PreviewEncodeService.swift */,
				223427A42B93934500F25052 /* PreviewRecoreonServices.swift */,
				226A898E2AFB2EA500EBD2CA /* PreviewScreenRecordService.swift */,
				223B05872B90CD8700A16852 /* Record01-1.txt */,
				223B05882B90CDA400A16852 /* Record01-2.txt */,
				223427B72B94CC9A00F25052 /* Record01-summary.txt */,
				22966A222AFE29660080324D /* Record01.mkv */,
				22AA3D902B9567C700C64E7E /* Record02.mkv */,
			);
			path = "Preview Content";
			sourceTree = "<group>";
		};
		22C3CD0A2AF240B40039750A /* RecoreonTests */ = {
			isa = PBXGroup;
			children = (
				22400E5D2B01509E00900660 /* RecoreonTests-Bridging-Header.h */,
				22C3CD0B2AF240B40039750A /* RecoreonTests.swift */,
				22400E5E2B01509E00900660 /* ScreenRecordWriterTests.m */,
			);
			path = RecoreonTests;
			sourceTree = "<group>";
		};
		22C3CD142AF240B40039750A /* RecoreonUITests */ = {
			isa = PBXGroup;
			children = (
				22C3CD152AF240B40039750A /* RecoreonUITests.swift */,
				22C3CD172AF240B40039750A /* RecoreonUITestsLaunchTests.swift */,
			);
			path = RecoreonUITests;
			sourceTree = "<group>";
		};
/* End PBXGroup section */

/* Begin PBXNativeTarget section */
		2284B9302B94DE21008DF56F /* RecoreonCommon */ = {
			isa = PBXNativeTarget;
			buildConfigurationList = 2284B9372B94DE21008DF56F /* Build configuration list for PBXNativeTarget "RecoreonCommon" */;
			buildPhases = (
				2284B92D2B94DE21008DF56F /* Sources */,
				2284B92E2B94DE21008DF56F /* Frameworks */,
				2284B92F2B94DE21008DF56F /* CopyFiles */,
			);
			buildRules = (
			);
			dependencies = (
			);
			name = RecoreonCommon;
			productName = RecoreonCommon;
			productReference = 2284B9312B94DE21008DF56F /* libRecoreonCommon.a */;
			productType = "com.apple.product-type.library.static";
		};
		22C18AE12AF2B08B00C41B49 /* RecoreonBroadcastUploadExtension */ = {
			isa = PBXNativeTarget;
			buildConfigurationList = 22C18AFC2AF2B08C00C41B49 /* Build configuration list for PBXNativeTarget "RecoreonBroadcastUploadExtension" */;
			buildPhases = (
				22C18ADE2AF2B08B00C41B49 /* Sources */,
				22C18ADF2AF2B08B00C41B49 /* Frameworks */,
				22C18AE02AF2B08B00C41B49 /* Resources */,
			);
			buildRules = (
			);
			dependencies = (
				2284B9392B94DE31008DF56F /* PBXTargetDependency */,
			);
			name = RecoreonBroadcastUploadExtension;
			packageProductDependencies = (
				22F103D12B8F22C900F192E6 /* FFmpegKit */,
			);
			productName = RecoreonBroadcastUploadExtension;
			productReference = 22C18AE22AF2B08B00C41B49 /* RecoreonBroadcastUploadExtension.appex */;
			productType = "com.apple.product-type.app-extension";
		};
		22C18AEB2AF2B08B00C41B49 /* RecoreonBroadcastUploadExtensionSetupUI */ = {
			isa = PBXNativeTarget;
			buildConfigurationList = 22C18AF92AF2B08C00C41B49 /* Build configuration list for PBXNativeTarget "RecoreonBroadcastUploadExtensionSetupUI" */;
			buildPhases = (
				22C18AE82AF2B08B00C41B49 /* Sources */,
				22C18AE92AF2B08B00C41B49 /* Frameworks */,
				22C18AEA2AF2B08B00C41B49 /* Resources */,
			);
			buildRules = (
			);
			dependencies = (
			);
			name = RecoreonBroadcastUploadExtensionSetupUI;
			productName = RecoreonBroadcastUploadExtensionSetupUI;
			productReference = 22C18AEC2AF2B08C00C41B49 /* RecoreonBroadcastUploadExtensionSetupUI.appex */;
			productType = "com.apple.product-type.app-extension";
		};
		22C3CCF62AF240B30039750A /* Recoreon */ = {
			isa = PBXNativeTarget;
			buildConfigurationList = 22C3CD1B2AF240B40039750A /* Build configuration list for PBXNativeTarget "Recoreon" */;
			buildPhases = (
				22C3CCF32AF240B30039750A /* Sources */,
				22C3CCF42AF240B30039750A /* Frameworks */,
				22C3CCF52AF240B30039750A /* Resources */,
				22C18AC92AF2AEAA00C41B49 /* Embed Foundation Extensions */,
				22BBF4EB2AFADDF00093AA57 /* Run Script */,
			);
			buildRules = (
			);
			dependencies = (
				2284B93E2B94DE7D008DF56F /* PBXTargetDependency */,
				22C18AF42AF2B08C00C41B49 /* PBXTargetDependency */,
				22C18AF72AF2B08C00C41B49 /* PBXTargetDependency */,
			);
			name = Recoreon;
			packageProductDependencies = (
				22F103CE2B8F212600F192E6 /* FFmpegKit */,
			);
			productName = Recoreon;
			productReference = 22C3CCF72AF240B30039750A /* Recoreon.app */;
			productType = "com.apple.product-type.application";
		};
		22C3CD062AF240B40039750A /* RecoreonTests */ = {
			isa = PBXNativeTarget;
			buildConfigurationList = 22C3CD1E2AF240B40039750A /* Build configuration list for PBXNativeTarget "RecoreonTests" */;
			buildPhases = (
				22C3CD032AF240B40039750A /* Sources */,
				22C3CD042AF240B40039750A /* Frameworks */,
				22C3CD052AF240B40039750A /* Resources */,
			);
			buildRules = (
			);
			dependencies = (
				22C3CD092AF240B40039750A /* PBXTargetDependency */,
			);
			name = RecoreonTests;
			packageProductDependencies = (
				22F103D72B8F2CF400F192E6 /* FFmpegKit */,
			);
			productName = RecoreonTests;
			productReference = 22C3CD072AF240B40039750A /* RecoreonTests.xctest */;
			productType = "com.apple.product-type.bundle.unit-test";
		};
		22C3CD102AF240B40039750A /* RecoreonUITests */ = {
			isa = PBXNativeTarget;
			buildConfigurationList = 22C3CD212AF240B40039750A /* Build configuration list for PBXNativeTarget "RecoreonUITests" */;
			buildPhases = (
				22C3CD0D2AF240B40039750A /* Sources */,
				22C3CD0E2AF240B40039750A /* Frameworks */,
				22C3CD0F2AF240B40039750A /* Resources */,
			);
			buildRules = (
			);
			dependencies = (
				22C3CD132AF240B40039750A /* PBXTargetDependency */,
			);
			name = RecoreonUITests;
			productName = RecoreonUITests;
			productReference = 22C3CD112AF240B40039750A /* RecoreonUITests.xctest */;
			productType = "com.apple.product-type.bundle.ui-testing";
		};
/* End PBXNativeTarget section */

/* Begin PBXProject section */
		22C3CCEF2AF240B30039750A /* Project object */ = {
			isa = PBXProject;
			attributes = {
				BuildIndependentTargetsInParallel = 1;
				LastSwiftUpdateCheck = 1520;
				LastUpgradeCheck = 1520;
				TargetAttributes = {
					2284B9302B94DE21008DF56F = {
						CreatedOnToolsVersion = 15.2;
					};
					22C18AE12AF2B08B00C41B49 = {
						CreatedOnToolsVersion = 15.0;
						LastSwiftMigration = 1500;
					};
					22C18AEB2AF2B08B00C41B49 = {
						CreatedOnToolsVersion = 15.0;
					};
					22C3CCF62AF240B30039750A = {
						CreatedOnToolsVersion = 15.0;
						LastSwiftMigration = 1500;
					};
					22C3CD062AF240B40039750A = {
						CreatedOnToolsVersion = 15.0;
						LastSwiftMigration = 1500;
						TestTargetID = 22C3CCF62AF240B30039750A;
					};
					22C3CD102AF240B40039750A = {
						CreatedOnToolsVersion = 15.0;
						TestTargetID = 22C3CCF62AF240B30039750A;
					};
				};
			};
			buildConfigurationList = 22C3CCF22AF240B30039750A /* Build configuration list for PBXProject "Recoreon" */;
			compatibilityVersion = "Xcode 14.0";
			developmentRegion = en;
			hasScannedForEncodings = 0;
			knownRegions = (
				en,
				Base,
				ja,
			);
			mainGroup = 22C3CCEE2AF240B30039750A;
			packageReferences = (
				22F103CD2B8F212600F192E6 /* XCRemoteSwiftPackageReference "ffmpeg-kit-spm" */,
			);
			productRefGroup = 22C3CCF82AF240B30039750A /* Products */;
			projectDirPath = "";
			projectRoot = "";
			targets = (
				22C3CCF62AF240B30039750A /* Recoreon */,
				22C3CD062AF240B40039750A /* RecoreonTests */,
				22C3CD102AF240B40039750A /* RecoreonUITests */,
				22C18AE12AF2B08B00C41B49 /* RecoreonBroadcastUploadExtension */,
				22C18AEB2AF2B08B00C41B49 /* RecoreonBroadcastUploadExtensionSetupUI */,
				2284B9302B94DE21008DF56F /* RecoreonCommon */,
			);
		};
/* End PBXProject section */

/* Begin PBXResourcesBuildPhase section */
		22C18AE02AF2B08B00C41B49 /* Resources */ = {
			isa = PBXResourcesBuildPhase;
			buildActionMask = 2147483647;
			files = (
			);
			runOnlyForDeploymentPostprocessing = 0;
		};
		22C18AEA2AF2B08B00C41B49 /* Resources */ = {
			isa = PBXResourcesBuildPhase;
			buildActionMask = 2147483647;
			files = (
			);
			runOnlyForDeploymentPostprocessing = 0;
		};
		22C3CCF52AF240B30039750A /* Resources */ = {
			isa = PBXResourcesBuildPhase;
			buildActionMask = 2147483647;
			files = (
				22C3CCFF2AF240B30039750A /* Assets.xcassets in Resources */,
				22AAC7F32B90B7B500078129 /* Localizable.xcstrings in Resources */,
				22C3CD022AF240B30039750A /* Preview Assets.xcassets in Resources */,
				2232A95C2AFD80A200330C23 /* Preview01.mp4 in Resources */,
				22AA3D912B9567C700C64E7E /* Preview02.mp4 in Resources */,
				223B05892B90D5D800A16852 /* Record01-1.txt in Resources */,
				223B058A2B90D5D800A16852 /* Record01-2.txt in Resources */,
				223427B82B94CC9A00F25052 /* Record01-summary.txt in Resources */,
				22966A232AFE29660080324D /* Record01.mkv in Resources */,
				22AA3D922B9567C700C64E7E /* Record02.mkv in Resources */,
			);
			runOnlyForDeploymentPostprocessing = 0;
		};
		22C3CD052AF240B40039750A /* Resources */ = {
			isa = PBXResourcesBuildPhase;
			buildActionMask = 2147483647;
			files = (
			);
			runOnlyForDeploymentPostprocessing = 0;
		};
		22C3CD0F2AF240B40039750A /* Resources */ = {
			isa = PBXResourcesBuildPhase;
			buildActionMask = 2147483647;
			files = (
			);
			runOnlyForDeploymentPostprocessing = 0;
		};
/* End PBXResourcesBuildPhase section */

/* Begin PBXShellScriptBuildPhase section */
		22BBF4EB2AFADDF00093AA57 /* Run Script */ = {
			isa = PBXShellScriptBuildPhase;
			alwaysOutOfDate = 1;
			buildActionMask = 2147483647;
			files = (
			);
			inputFileListPaths = (
			);
			inputPaths = (
			);
			name = "Run Script";
			outputFileListPaths = (
			);
			outputPaths = (
			);
			runOnlyForDeploymentPostprocessing = 0;
			shellPath = /bin/sh;
			shellScript = "if [[ \"$(uname -m)\" == arm64 ]]; then\n    export PATH=\"/opt/homebrew/bin:$PATH\"\nfi\n\nif command -v swiftlint > /dev/null\nthen\n  swiftlint\nfi\n";
		};
/* End PBXShellScriptBuildPhase section */

/* Begin PBXSourcesBuildPhase section */
		2284B92D2B94DE21008DF56F /* Sources */ = {
			isa = PBXSourcesBuildPhase;
			buildActionMask = 2147483647;
			files = (
				2284B9422B94E407008DF56F /* AppGroupsPreferenceService.swift in Sources */,
				2284B9442B94E4F2008DF56F /* RecoreonCommon.swift in Sources */,
				2284B93C2B94DE4C008DF56F /* RecoreonPathService.swift in Sources */,
			);
			runOnlyForDeploymentPostprocessing = 0;
		};
		22C18ADE2AF2B08B00C41B49 /* Sources */ = {
			isa = PBXSourcesBuildPhase;
			buildActionMask = 2147483647;
			files = (
				2232A94F2AFD3FEE00330C23 /* PixelBufferExtractor.swift in Sources */,
				22C18AE62AF2B08B00C41B49 /* SampleHandler.swift in Sources */,
				224E5D842B01F3A400E9C628 /* ScreenRecordWriter.m in Sources */,
			);
			runOnlyForDeploymentPostprocessing = 0;
		};
		22C18AE82AF2B08B00C41B49 /* Sources */ = {
			isa = PBXSourcesBuildPhase;
			buildActionMask = 2147483647;
			files = (
				22C18AF12AF2B08C00C41B49 /* BroadcastSetupViewController.swift in Sources */,
			);
			runOnlyForDeploymentPostprocessing = 0;
		};
		22C3CCF32AF240B30039750A /* Sources */ = {
			isa = PBXSourcesBuildPhase;
			buildActionMask = 2147483647;
			files = (
				22C3CCFD2AF240B30039750A /* ContentView.swift in Sources */,
				223427B02B93996800F25052 /* DefaultEncodeService.swift in Sources */,
				223427AE2B93991E00F25052 /* DefaultRecordNoteService.swift in Sources */,
				223427A72B9393CF00F25052 /* DefaultRecoreonServices.swift in Sources */,
				223427A92B93944B00F25052 /* DefaultScreenRecordService.swift in Sources */,
				2232A1822B9223D000F646E3 /* EncodedVideoEntry.swift in Sources */,
				2232A1802B9220A600F646E3 /* EncodeService.swift in Sources */,
				226DA51B2AFCD43000F00B0D /* EncodingPreset.swift in Sources */,
				2232A1842B92485900F646E3 /* PreviewEncodeService.swift in Sources */,
				223427A52B93934500F25052 /* PreviewRecoreonServices.swift in Sources */,
				226A898F2AFB2EA500EBD2CA /* PreviewScreenRecordService.swift in Sources */,
				2232A9532AFD469400330C23 /* RecorderView.swift in Sources */,
				2232A1862B92557D00F646E3 /* RecordNoteEditorView.swift in Sources */,
				223B05862B90CC3400A16852 /* RecordNoteEntry.swift in Sources */,
				2232A1792B91F66300F646E3 /* RecordNoteService.swift in Sources */,
				22183B492B9100E9004D6FAD /* RecordNoteStore.swift in Sources */,
				22C3CCFB2AF240B30039750A /* RecoreonApp.swift in Sources */,
				2232A9492AFD273900330C23 /* RecoreonBroadcastPickerRepresentable.swift in Sources */,
				223427A32B93920000F25052 /* RecoreonServices.swift in Sources */,
				22966A212AFD9ED40080324D /* ScreenRecordDetailView.swift in Sources */,
				22966A282AFE50B10080324D /* ScreenRecordEncoderView.swift in Sources */,
				226A89922AFB30D900EBD2CA /* ScreenRecordEntry.swift in Sources */,
				2232A9552AFD46ED00330C23 /* ScreenRecordListView.swift in Sources */,
				223B05822B90C34700A16852 /* ScreenRecordPreviewView.swift in Sources */,
				226A89852AFB1B7F00EBD2CA /* ScreenRecordService.swift in Sources */,
				22966A332AFE8D1B0080324D /* ScreenRecordStore.swift in Sources */,
				22966A2E2AFE756F0080324D /* ScreenRecordView.swift in Sources */,
			);
			runOnlyForDeploymentPostprocessing = 0;
		};
		22C3CD032AF240B40039750A /* Sources */ = {
			isa = PBXSourcesBuildPhase;
			buildActionMask = 2147483647;
			files = (
				22C3CD0C2AF240B40039750A /* RecoreonTests.swift in Sources */,
				224E5D862B01F3C700E9C628 /* ScreenRecordWriter.m in Sources */,
				22400E5F2B01509E00900660 /* ScreenRecordWriterTests.m in Sources */,
			);
			runOnlyForDeploymentPostprocessing = 0;
		};
		22C3CD0D2AF240B40039750A /* Sources */ = {
			isa = PBXSourcesBuildPhase;
			buildActionMask = 2147483647;
			files = (
				22C3CD162AF240B40039750A /* RecoreonUITests.swift in Sources */,
				22C3CD182AF240B40039750A /* RecoreonUITestsLaunchTests.swift in Sources */,
			);
			runOnlyForDeploymentPostprocessing = 0;
		};
/* End PBXSourcesBuildPhase section */

/* Begin PBXTargetDependency section */
		2284B9392B94DE31008DF56F /* PBXTargetDependency */ = {
			isa = PBXTargetDependency;
			target = 2284B9302B94DE21008DF56F /* RecoreonCommon */;
			targetProxy = 2284B9382B94DE31008DF56F /* PBXContainerItemProxy */;
		};
		2284B93E2B94DE7D008DF56F /* PBXTargetDependency */ = {
			isa = PBXTargetDependency;
			target = 2284B9302B94DE21008DF56F /* RecoreonCommon */;
			targetProxy = 2284B93D2B94DE7D008DF56F /* PBXContainerItemProxy */;
		};
		22C18AF42AF2B08C00C41B49 /* PBXTargetDependency */ = {
			isa = PBXTargetDependency;
			target = 22C18AEB2AF2B08B00C41B49 /* RecoreonBroadcastUploadExtensionSetupUI */;
			targetProxy = 22C18AF32AF2B08C00C41B49 /* PBXContainerItemProxy */;
		};
		22C18AF72AF2B08C00C41B49 /* PBXTargetDependency */ = {
			isa = PBXTargetDependency;
			target = 22C18AE12AF2B08B00C41B49 /* RecoreonBroadcastUploadExtension */;
			targetProxy = 22C18AF62AF2B08C00C41B49 /* PBXContainerItemProxy */;
		};
		22C3CD092AF240B40039750A /* PBXTargetDependency */ = {
			isa = PBXTargetDependency;
			target = 22C3CCF62AF240B30039750A /* Recoreon */;
			targetProxy = 22C3CD082AF240B40039750A /* PBXContainerItemProxy */;
		};
		22C3CD132AF240B40039750A /* PBXTargetDependency */ = {
			isa = PBXTargetDependency;
			target = 22C3CCF62AF240B30039750A /* Recoreon */;
			targetProxy = 22C3CD122AF240B40039750A /* PBXContainerItemProxy */;
		};
/* End PBXTargetDependency section */

/* Begin XCBuildConfiguration section */
		2284B9352B94DE21008DF56F /* Debug */ = {
			isa = XCBuildConfiguration;
			buildSettings = {
				CLANG_WARN_DOCUMENTATION_COMMENTS = YES;
				CLANG_WARN_QUOTED_INCLUDE_IN_FRAMEWORK_HEADER = YES;
				CODE_SIGN_STYLE = Automatic;
				DEVELOPMENT_TEAM = 4HMJS6J4MZ;
				ENABLE_USER_SCRIPT_SANDBOXING = YES;
				OTHER_LDFLAGS = "-ObjC";
				PRODUCT_NAME = "$(TARGET_NAME)";
				SKIP_INSTALL = YES;
				SWIFT_VERSION = 5.0;
				TARGETED_DEVICE_FAMILY = "1,2";
			};
			name = Debug;
		};
		2284B9362B94DE21008DF56F /* Release */ = {
			isa = XCBuildConfiguration;
			buildSettings = {
				CLANG_WARN_DOCUMENTATION_COMMENTS = YES;
				CLANG_WARN_QUOTED_INCLUDE_IN_FRAMEWORK_HEADER = YES;
				CODE_SIGN_STYLE = Automatic;
				DEVELOPMENT_TEAM = 4HMJS6J4MZ;
				ENABLE_USER_SCRIPT_SANDBOXING = YES;
				OTHER_LDFLAGS = "-ObjC";
				PRODUCT_NAME = "$(TARGET_NAME)";
				SKIP_INSTALL = YES;
				SWIFT_VERSION = 5.0;
				TARGETED_DEVICE_FAMILY = "1,2";
			};
			name = Release;
		};
		22C18AFA2AF2B08C00C41B49 /* Debug */ = {
			isa = XCBuildConfiguration;
			buildSettings = {
				CODE_SIGN_ENTITLEMENTS = RecoreonBroadcastUploadExtensionSetupUI/RecoreonBroadcastUploadExtensionSetupUI.entitlements;
				CODE_SIGN_STYLE = Automatic;
				CURRENT_PROJECT_VERSION = 1;
				DEVELOPMENT_TEAM = 4HMJS6J4MZ;
				ENABLE_USER_SCRIPT_SANDBOXING = YES;
				GENERATE_INFOPLIST_FILE = YES;
				INFOPLIST_FILE = RecoreonBroadcastUploadExtensionSetupUI/Info.plist;
				INFOPLIST_KEY_CFBundleDisplayName = RecoreonBroadcastUploadExtensionSetupUI;
				INFOPLIST_KEY_NSHumanReadableCopyright = "";
				LD_RUNPATH_SEARCH_PATHS = (
					"$(inherited)",
					"@executable_path/Frameworks",
					"@executable_path/../../Frameworks",
				);
				MARKETING_VERSION = 1.0;
				PRODUCT_BUNDLE_IDENTIFIER = com.github.umireon.Recoreon.RecoreonBroadcastUploadExtensionSetupUI;
				PRODUCT_NAME = "$(TARGET_NAME)";
				SKIP_INSTALL = YES;
				SWIFT_EMIT_LOC_STRINGS = YES;
				SWIFT_VERSION = 5.0;
				TARGETED_DEVICE_FAMILY = "1,2";
			};
			name = Debug;
		};
		22C18AFB2AF2B08C00C41B49 /* Release */ = {
			isa = XCBuildConfiguration;
			buildSettings = {
				CODE_SIGN_ENTITLEMENTS = RecoreonBroadcastUploadExtensionSetupUI/RecoreonBroadcastUploadExtensionSetupUI.entitlements;
				CODE_SIGN_STYLE = Automatic;
				CURRENT_PROJECT_VERSION = 1;
				DEVELOPMENT_TEAM = 4HMJS6J4MZ;
				ENABLE_USER_SCRIPT_SANDBOXING = YES;
				GENERATE_INFOPLIST_FILE = YES;
				INFOPLIST_FILE = RecoreonBroadcastUploadExtensionSetupUI/Info.plist;
				INFOPLIST_KEY_CFBundleDisplayName = RecoreonBroadcastUploadExtensionSetupUI;
				INFOPLIST_KEY_NSHumanReadableCopyright = "";
				LD_RUNPATH_SEARCH_PATHS = (
					"$(inherited)",
					"@executable_path/Frameworks",
					"@executable_path/../../Frameworks",
				);
				MARKETING_VERSION = 1.0;
				PRODUCT_BUNDLE_IDENTIFIER = com.github.umireon.Recoreon.RecoreonBroadcastUploadExtensionSetupUI;
				PRODUCT_NAME = "$(TARGET_NAME)";
				SKIP_INSTALL = YES;
				SWIFT_EMIT_LOC_STRINGS = YES;
				SWIFT_VERSION = 5.0;
				TARGETED_DEVICE_FAMILY = "1,2";
			};
			name = Release;
		};
		22C18AFD2AF2B08C00C41B49 /* Debug */ = {
			isa = XCBuildConfiguration;
			buildSettings = {
				CLANG_ENABLE_MODULES = YES;
				CODE_SIGN_ENTITLEMENTS = RecoreonBroadcastUploadExtension/RecoreonBroadcastUploadExtension.entitlements;
				CODE_SIGN_STYLE = Automatic;
				CURRENT_PROJECT_VERSION = 1;
				DEVELOPMENT_ASSET_PATHS = "";
				DEVELOPMENT_TEAM = 4HMJS6J4MZ;
				ENABLE_USER_SCRIPT_SANDBOXING = YES;
				GENERATE_INFOPLIST_FILE = YES;
				INFOPLIST_FILE = RecoreonBroadcastUploadExtension/Info.plist;
				INFOPLIST_KEY_CFBundleDisplayName = Recoreon;
				INFOPLIST_KEY_NSCameraUsageDescription = "This app do not use a camera.";
				INFOPLIST_KEY_NSHumanReadableCopyright = "";
				LD_RUNPATH_SEARCH_PATHS = (
					"$(inherited)",
					"@executable_path/Frameworks",
					"@executable_path/../../Frameworks",
				);
				MARKETING_VERSION = 1.0;
				PRODUCT_BUNDLE_IDENTIFIER = com.github.umireon.Recoreon.RecoreonBroadcastUploadExtension;
				PRODUCT_NAME = "$(TARGET_NAME)";
				SKIP_INSTALL = YES;
				SWIFT_EMIT_LOC_STRINGS = YES;
				SWIFT_OBJC_BRIDGING_HEADER = "RecoreonBroadcastUploadExtension/RecoreonBroadcastUploadExtension-Bridging-Header.h";
				SWIFT_OPTIMIZATION_LEVEL = "-Onone";
				SWIFT_VERSION = 5.0;
				TARGETED_DEVICE_FAMILY = "1,2";
			};
			name = Debug;
		};
		22C18AFE2AF2B08C00C41B49 /* Release */ = {
			isa = XCBuildConfiguration;
			buildSettings = {
				CLANG_ENABLE_MODULES = YES;
				CODE_SIGN_ENTITLEMENTS = RecoreonBroadcastUploadExtension/RecoreonBroadcastUploadExtension.entitlements;
				CODE_SIGN_STYLE = Automatic;
				CURRENT_PROJECT_VERSION = 1;
				DEVELOPMENT_ASSET_PATHS = "";
				DEVELOPMENT_TEAM = 4HMJS6J4MZ;
				ENABLE_USER_SCRIPT_SANDBOXING = YES;
				GENERATE_INFOPLIST_FILE = YES;
				INFOPLIST_FILE = RecoreonBroadcastUploadExtension/Info.plist;
				INFOPLIST_KEY_CFBundleDisplayName = Recoreon;
				INFOPLIST_KEY_NSCameraUsageDescription = "This app do not use a camera.";
				INFOPLIST_KEY_NSHumanReadableCopyright = "";
				LD_RUNPATH_SEARCH_PATHS = (
					"$(inherited)",
					"@executable_path/Frameworks",
					"@executable_path/../../Frameworks",
				);
				MARKETING_VERSION = 1.0;
				PRODUCT_BUNDLE_IDENTIFIER = com.github.umireon.Recoreon.RecoreonBroadcastUploadExtension;
				PRODUCT_NAME = "$(TARGET_NAME)";
				SKIP_INSTALL = YES;
				SWIFT_EMIT_LOC_STRINGS = YES;
				SWIFT_OBJC_BRIDGING_HEADER = "RecoreonBroadcastUploadExtension/RecoreonBroadcastUploadExtension-Bridging-Header.h";
				SWIFT_VERSION = 5.0;
				TARGETED_DEVICE_FAMILY = "1,2";
			};
			name = Release;
		};
		22C3CD192AF240B40039750A /* Debug */ = {
			isa = XCBuildConfiguration;
			buildSettings = {
				ALWAYS_SEARCH_USER_PATHS = NO;
				ASSETCATALOG_COMPILER_GENERATE_SWIFT_ASSET_SYMBOL_EXTENSIONS = YES;
				CLANG_ANALYZER_LOCALIZABILITY_NONLOCALIZED = YES;
				CLANG_ANALYZER_NONNULL = YES;
				CLANG_ANALYZER_NUMBER_OBJECT_CONVERSION = YES_AGGRESSIVE;
				CLANG_CXX_LANGUAGE_STANDARD = "gnu++20";
				CLANG_ENABLE_MODULES = YES;
				CLANG_ENABLE_OBJC_ARC = YES;
				CLANG_ENABLE_OBJC_WEAK = YES;
				CLANG_WARN_BLOCK_CAPTURE_AUTORELEASING = YES;
				CLANG_WARN_BOOL_CONVERSION = YES;
				CLANG_WARN_COMMA = YES;
				CLANG_WARN_CONSTANT_CONVERSION = YES;
				CLANG_WARN_DEPRECATED_OBJC_IMPLEMENTATIONS = YES;
				CLANG_WARN_DIRECT_OBJC_ISA_USAGE = YES_ERROR;
				CLANG_WARN_DOCUMENTATION_COMMENTS = NO;
				CLANG_WARN_EMPTY_BODY = YES;
				CLANG_WARN_ENUM_CONVERSION = YES;
				CLANG_WARN_INFINITE_RECURSION = YES;
				CLANG_WARN_INT_CONVERSION = YES;
				CLANG_WARN_NON_LITERAL_NULL_CONVERSION = YES;
				CLANG_WARN_OBJC_IMPLICIT_RETAIN_SELF = YES;
				CLANG_WARN_OBJC_LITERAL_CONVERSION = YES;
				CLANG_WARN_OBJC_ROOT_CLASS = YES_ERROR;
				CLANG_WARN_QUOTED_INCLUDE_IN_FRAMEWORK_HEADER = NO;
				CLANG_WARN_RANGE_LOOP_ANALYSIS = YES;
				CLANG_WARN_STRICT_PROTOTYPES = YES;
				CLANG_WARN_SUSPICIOUS_MOVE = YES;
				CLANG_WARN_UNGUARDED_AVAILABILITY = YES_AGGRESSIVE;
				CLANG_WARN_UNREACHABLE_CODE = YES;
				CLANG_WARN__DUPLICATE_METHOD_MATCH = YES;
				COPY_PHASE_STRIP = NO;
				DEBUG_INFORMATION_FORMAT = dwarf;
				ENABLE_STRICT_OBJC_MSGSEND = YES;
				ENABLE_TESTABILITY = YES;
				ENABLE_USER_SCRIPT_SANDBOXING = NO;
				GCC_C_LANGUAGE_STANDARD = gnu17;
				GCC_DYNAMIC_NO_PIC = NO;
				GCC_NO_COMMON_BLOCKS = YES;
				GCC_OPTIMIZATION_LEVEL = 0;
				GCC_PREPROCESSOR_DEFINITIONS = (
					"DEBUG=1",
					"$(inherited)",
				);
				GCC_WARN_64_TO_32_BIT_CONVERSION = YES;
				GCC_WARN_ABOUT_RETURN_TYPE = YES_ERROR;
				GCC_WARN_UNDECLARED_SELECTOR = YES;
				GCC_WARN_UNINITIALIZED_AUTOS = YES_AGGRESSIVE;
				GCC_WARN_UNUSED_FUNCTION = YES;
				GCC_WARN_UNUSED_VARIABLE = YES;
				IPHONEOS_DEPLOYMENT_TARGET = 16.0;
				LOCALIZATION_PREFERS_STRING_CATALOGS = YES;
				MTL_ENABLE_DEBUG_INFO = INCLUDE_SOURCE;
				MTL_FAST_MATH = YES;
				ONLY_ACTIVE_ARCH = YES;
				SDKROOT = iphoneos;
				SWIFT_ACTIVE_COMPILATION_CONDITIONS = "DEBUG $(inherited)";
				SWIFT_OPTIMIZATION_LEVEL = "-Onone";
			};
			name = Debug;
		};
		22C3CD1A2AF240B40039750A /* Release */ = {
			isa = XCBuildConfiguration;
			buildSettings = {
				ALWAYS_SEARCH_USER_PATHS = NO;
				ASSETCATALOG_COMPILER_GENERATE_SWIFT_ASSET_SYMBOL_EXTENSIONS = YES;
				CLANG_ANALYZER_LOCALIZABILITY_NONLOCALIZED = YES;
				CLANG_ANALYZER_NONNULL = YES;
				CLANG_ANALYZER_NUMBER_OBJECT_CONVERSION = YES_AGGRESSIVE;
				CLANG_CXX_LANGUAGE_STANDARD = "gnu++20";
				CLANG_ENABLE_MODULES = YES;
				CLANG_ENABLE_OBJC_ARC = YES;
				CLANG_ENABLE_OBJC_WEAK = YES;
				CLANG_WARN_BLOCK_CAPTURE_AUTORELEASING = YES;
				CLANG_WARN_BOOL_CONVERSION = YES;
				CLANG_WARN_COMMA = YES;
				CLANG_WARN_CONSTANT_CONVERSION = YES;
				CLANG_WARN_DEPRECATED_OBJC_IMPLEMENTATIONS = YES;
				CLANG_WARN_DIRECT_OBJC_ISA_USAGE = YES_ERROR;
				CLANG_WARN_DOCUMENTATION_COMMENTS = NO;
				CLANG_WARN_EMPTY_BODY = YES;
				CLANG_WARN_ENUM_CONVERSION = YES;
				CLANG_WARN_INFINITE_RECURSION = YES;
				CLANG_WARN_INT_CONVERSION = YES;
				CLANG_WARN_NON_LITERAL_NULL_CONVERSION = YES;
				CLANG_WARN_OBJC_IMPLICIT_RETAIN_SELF = YES;
				CLANG_WARN_OBJC_LITERAL_CONVERSION = YES;
				CLANG_WARN_OBJC_ROOT_CLASS = YES_ERROR;
				CLANG_WARN_QUOTED_INCLUDE_IN_FRAMEWORK_HEADER = NO;
				CLANG_WARN_RANGE_LOOP_ANALYSIS = YES;
				CLANG_WARN_STRICT_PROTOTYPES = YES;
				CLANG_WARN_SUSPICIOUS_MOVE = YES;
				CLANG_WARN_UNGUARDED_AVAILABILITY = YES_AGGRESSIVE;
				CLANG_WARN_UNREACHABLE_CODE = YES;
				CLANG_WARN__DUPLICATE_METHOD_MATCH = YES;
				COPY_PHASE_STRIP = NO;
				DEBUG_INFORMATION_FORMAT = "dwarf-with-dsym";
				ENABLE_NS_ASSERTIONS = NO;
				ENABLE_STRICT_OBJC_MSGSEND = YES;
				ENABLE_USER_SCRIPT_SANDBOXING = NO;
				GCC_C_LANGUAGE_STANDARD = gnu17;
				GCC_NO_COMMON_BLOCKS = YES;
				GCC_WARN_64_TO_32_BIT_CONVERSION = YES;
				GCC_WARN_ABOUT_RETURN_TYPE = YES_ERROR;
				GCC_WARN_UNDECLARED_SELECTOR = YES;
				GCC_WARN_UNINITIALIZED_AUTOS = YES_AGGRESSIVE;
				GCC_WARN_UNUSED_FUNCTION = YES;
				GCC_WARN_UNUSED_VARIABLE = YES;
				IPHONEOS_DEPLOYMENT_TARGET = 16.0;
				LOCALIZATION_PREFERS_STRING_CATALOGS = YES;
				MTL_ENABLE_DEBUG_INFO = NO;
				MTL_FAST_MATH = YES;
				SDKROOT = iphoneos;
				SWIFT_COMPILATION_MODE = wholemodule;
				VALIDATE_PRODUCT = YES;
			};
			name = Release;
		};
		22C3CD1C2AF240B40039750A /* Debug */ = {
			isa = XCBuildConfiguration;
			buildSettings = {
				ALWAYS_EMBED_SWIFT_STANDARD_LIBRARIES = YES;
				ASSETCATALOG_COMPILER_APPICON_NAME = AppIcon;
				ASSETCATALOG_COMPILER_GLOBAL_ACCENT_COLOR_NAME = AccentColor;
				CLANG_ENABLE_MODULES = YES;
				CODE_SIGN_ENTITLEMENTS = Recoreon/Recoreon.entitlements;
				CODE_SIGN_STYLE = Automatic;
				CURRENT_PROJECT_VERSION = 1;
				DEVELOPMENT_ASSET_PATHS = "\"Recoreon/Preview Content\"";
				DEVELOPMENT_TEAM = 4HMJS6J4MZ;
				ENABLE_PREVIEWS = YES;
				GENERATE_INFOPLIST_FILE = YES;
				INFOPLIST_FILE = Recoreon/Info.plist;
				INFOPLIST_KEY_LSSupportsOpeningDocumentsInPlace = YES;
				INFOPLIST_KEY_NSCameraUsageDescription = "This app does not use a camera.";
				INFOPLIST_KEY_NSPhotoLibraryAddUsageDescription = "This app adds a video of a screen record.";
				INFOPLIST_KEY_UIApplicationSceneManifest_Generation = YES;
				INFOPLIST_KEY_UIApplicationSupportsIndirectInputEvents = YES;
				INFOPLIST_KEY_UILaunchScreen_Generation = YES;
				INFOPLIST_KEY_UISupportedInterfaceOrientations_iPad = "UIInterfaceOrientationPortrait UIInterfaceOrientationPortraitUpsideDown UIInterfaceOrientationLandscapeLeft UIInterfaceOrientationLandscapeRight";
				INFOPLIST_KEY_UISupportedInterfaceOrientations_iPhone = "UIInterfaceOrientationPortrait UIInterfaceOrientationLandscapeLeft UIInterfaceOrientationLandscapeRight";
				LD_RUNPATH_SEARCH_PATHS = (
					"$(inherited)",
					"@executable_path/Frameworks",
				);
				MARKETING_VERSION = 1.0;
				PRODUCT_BUNDLE_IDENTIFIER = com.github.umireon.Recoreon;
				PRODUCT_NAME = "$(TARGET_NAME)";
				SWIFT_EMIT_LOC_STRINGS = YES;
				SWIFT_OBJC_BRIDGING_HEADER = "Recoreon/Recoreon-Bridging-Header.h";
				SWIFT_OPTIMIZATION_LEVEL = "-Onone";
				SWIFT_VERSION = 5.0;
				TARGETED_DEVICE_FAMILY = "1,2";
			};
			name = Debug;
		};
		22C3CD1D2AF240B40039750A /* Release */ = {
			isa = XCBuildConfiguration;
			buildSettings = {
				ALWAYS_EMBED_SWIFT_STANDARD_LIBRARIES = YES;
				ASSETCATALOG_COMPILER_APPICON_NAME = AppIcon;
				ASSETCATALOG_COMPILER_GLOBAL_ACCENT_COLOR_NAME = AccentColor;
				CLANG_ENABLE_MODULES = YES;
				CODE_SIGN_ENTITLEMENTS = Recoreon/Recoreon.entitlements;
				CODE_SIGN_STYLE = Automatic;
				CURRENT_PROJECT_VERSION = 1;
				DEVELOPMENT_ASSET_PATHS = "\"Recoreon/Preview Content\"";
				DEVELOPMENT_TEAM = 4HMJS6J4MZ;
				ENABLE_PREVIEWS = YES;
				GENERATE_INFOPLIST_FILE = YES;
				INFOPLIST_FILE = Recoreon/Info.plist;
				INFOPLIST_KEY_LSSupportsOpeningDocumentsInPlace = YES;
				INFOPLIST_KEY_NSCameraUsageDescription = "This app does not use a camera.";
				INFOPLIST_KEY_NSPhotoLibraryAddUsageDescription = "This app adds a video of a screen record.";
				INFOPLIST_KEY_UIApplicationSceneManifest_Generation = YES;
				INFOPLIST_KEY_UIApplicationSupportsIndirectInputEvents = YES;
				INFOPLIST_KEY_UILaunchScreen_Generation = YES;
				INFOPLIST_KEY_UISupportedInterfaceOrientations_iPad = "UIInterfaceOrientationPortrait UIInterfaceOrientationPortraitUpsideDown UIInterfaceOrientationLandscapeLeft UIInterfaceOrientationLandscapeRight";
				INFOPLIST_KEY_UISupportedInterfaceOrientations_iPhone = "UIInterfaceOrientationPortrait UIInterfaceOrientationLandscapeLeft UIInterfaceOrientationLandscapeRight";
				LD_RUNPATH_SEARCH_PATHS = (
					"$(inherited)",
					"@executable_path/Frameworks",
				);
				MARKETING_VERSION = 1.0;
				PRODUCT_BUNDLE_IDENTIFIER = com.github.umireon.Recoreon;
				PRODUCT_NAME = "$(TARGET_NAME)";
				SWIFT_EMIT_LOC_STRINGS = YES;
				SWIFT_OBJC_BRIDGING_HEADER = "Recoreon/Recoreon-Bridging-Header.h";
				SWIFT_VERSION = 5.0;
				TARGETED_DEVICE_FAMILY = "1,2";
			};
			name = Release;
		};
		22C3CD1F2AF240B40039750A /* Debug */ = {
			isa = XCBuildConfiguration;
			buildSettings = {
				ALWAYS_EMBED_SWIFT_STANDARD_LIBRARIES = YES;
				BUNDLE_LOADER = "$(TEST_HOST)";
				CLANG_ENABLE_MODULES = YES;
				CODE_SIGN_STYLE = Automatic;
				CURRENT_PROJECT_VERSION = 1;
				DEVELOPMENT_TEAM = 4HMJS6J4MZ;
				GENERATE_INFOPLIST_FILE = YES;
				MARKETING_VERSION = 1.0;
				PRODUCT_BUNDLE_IDENTIFIER = com.github.umireon.RecoreonTests;
				PRODUCT_NAME = "$(TARGET_NAME)";
				SWIFT_EMIT_LOC_STRINGS = NO;
				SWIFT_OBJC_BRIDGING_HEADER = "RecoreonTests/RecoreonTests-Bridging-Header.h";
				SWIFT_OPTIMIZATION_LEVEL = "-Onone";
				SWIFT_VERSION = 5.0;
				TARGETED_DEVICE_FAMILY = "1,2";
				TEST_HOST = "$(BUILT_PRODUCTS_DIR)/Recoreon.app/$(BUNDLE_EXECUTABLE_FOLDER_PATH)/Recoreon";
			};
			name = Debug;
		};
		22C3CD202AF240B40039750A /* Release */ = {
			isa = XCBuildConfiguration;
			buildSettings = {
				ALWAYS_EMBED_SWIFT_STANDARD_LIBRARIES = YES;
				BUNDLE_LOADER = "$(TEST_HOST)";
				CLANG_ENABLE_MODULES = YES;
				CODE_SIGN_STYLE = Automatic;
				CURRENT_PROJECT_VERSION = 1;
				DEVELOPMENT_TEAM = 4HMJS6J4MZ;
				GENERATE_INFOPLIST_FILE = YES;
				MARKETING_VERSION = 1.0;
				PRODUCT_BUNDLE_IDENTIFIER = com.github.umireon.RecoreonTests;
				PRODUCT_NAME = "$(TARGET_NAME)";
				SWIFT_EMIT_LOC_STRINGS = NO;
				SWIFT_OBJC_BRIDGING_HEADER = "RecoreonTests/RecoreonTests-Bridging-Header.h";
				SWIFT_VERSION = 5.0;
				TARGETED_DEVICE_FAMILY = "1,2";
				TEST_HOST = "$(BUILT_PRODUCTS_DIR)/Recoreon.app/$(BUNDLE_EXECUTABLE_FOLDER_PATH)/Recoreon";
			};
			name = Release;
		};
		22C3CD222AF240B40039750A /* Debug */ = {
			isa = XCBuildConfiguration;
			buildSettings = {
				ALWAYS_EMBED_SWIFT_STANDARD_LIBRARIES = YES;
				CODE_SIGN_STYLE = Automatic;
				CURRENT_PROJECT_VERSION = 1;
				DEVELOPMENT_TEAM = 4HMJS6J4MZ;
				GENERATE_INFOPLIST_FILE = YES;
				MARKETING_VERSION = 1.0;
				PRODUCT_BUNDLE_IDENTIFIER = com.github.umireon.RecoreonUITests;
				PRODUCT_NAME = "$(TARGET_NAME)";
				SWIFT_EMIT_LOC_STRINGS = NO;
				SWIFT_VERSION = 5.0;
				TARGETED_DEVICE_FAMILY = "1,2";
				TEST_TARGET_NAME = Recoreon;
			};
			name = Debug;
		};
		22C3CD232AF240B40039750A /* Release */ = {
			isa = XCBuildConfiguration;
			buildSettings = {
				ALWAYS_EMBED_SWIFT_STANDARD_LIBRARIES = YES;
				CODE_SIGN_STYLE = Automatic;
				CURRENT_PROJECT_VERSION = 1;
				DEVELOPMENT_TEAM = 4HMJS6J4MZ;
				GENERATE_INFOPLIST_FILE = YES;
				MARKETING_VERSION = 1.0;
				PRODUCT_BUNDLE_IDENTIFIER = com.github.umireon.RecoreonUITests;
				PRODUCT_NAME = "$(TARGET_NAME)";
				SWIFT_EMIT_LOC_STRINGS = NO;
				SWIFT_VERSION = 5.0;
				TARGETED_DEVICE_FAMILY = "1,2";
				TEST_TARGET_NAME = Recoreon;
			};
			name = Release;
		};
/* End XCBuildConfiguration section */

/* Begin XCConfigurationList section */
		2284B9372B94DE21008DF56F /* Build configuration list for PBXNativeTarget "RecoreonCommon" */ = {
			isa = XCConfigurationList;
			buildConfigurations = (
				2284B9352B94DE21008DF56F /* Debug */,
				2284B9362B94DE21008DF56F /* Release */,
			);
			defaultConfigurationIsVisible = 0;
			defaultConfigurationName = Release;
		};
		22C18AF92AF2B08C00C41B49 /* Build configuration list for PBXNativeTarget "RecoreonBroadcastUploadExtensionSetupUI" */ = {
			isa = XCConfigurationList;
			buildConfigurations = (
				22C18AFA2AF2B08C00C41B49 /* Debug */,
				22C18AFB2AF2B08C00C41B49 /* Release */,
			);
			defaultConfigurationIsVisible = 0;
			defaultConfigurationName = Release;
		};
		22C18AFC2AF2B08C00C41B49 /* Build configuration list for PBXNativeTarget "RecoreonBroadcastUploadExtension" */ = {
			isa = XCConfigurationList;
			buildConfigurations = (
				22C18AFD2AF2B08C00C41B49 /* Debug */,
				22C18AFE2AF2B08C00C41B49 /* Release */,
			);
			defaultConfigurationIsVisible = 0;
			defaultConfigurationName = Release;
		};
		22C3CCF22AF240B30039750A /* Build configuration list for PBXProject "Recoreon" */ = {
			isa = XCConfigurationList;
			buildConfigurations = (
				22C3CD192AF240B40039750A /* Debug */,
				22C3CD1A2AF240B40039750A /* Release */,
			);
			defaultConfigurationIsVisible = 0;
			defaultConfigurationName = Release;
		};
		22C3CD1B2AF240B40039750A /* Build configuration list for PBXNativeTarget "Recoreon" */ = {
			isa = XCConfigurationList;
			buildConfigurations = (
				22C3CD1C2AF240B40039750A /* Debug */,
				22C3CD1D2AF240B40039750A /* Release */,
			);
			defaultConfigurationIsVisible = 0;
			defaultConfigurationName = Release;
		};
		22C3CD1E2AF240B40039750A /* Build configuration list for PBXNativeTarget "RecoreonTests" */ = {
			isa = XCConfigurationList;
			buildConfigurations = (
				22C3CD1F2AF240B40039750A /* Debug */,
				22C3CD202AF240B40039750A /* Release */,
			);
			defaultConfigurationIsVisible = 0;
			defaultConfigurationName = Release;
		};
		22C3CD212AF240B40039750A /* Build configuration list for PBXNativeTarget "RecoreonUITests" */ = {
			isa = XCConfigurationList;
			buildConfigurations = (
				22C3CD222AF240B40039750A /* Debug */,
				22C3CD232AF240B40039750A /* Release */,
			);
			defaultConfigurationIsVisible = 0;
			defaultConfigurationName = Release;
		};
/* End XCConfigurationList section */

/* Begin XCRemoteSwiftPackageReference section */
		22F103CD2B8F212600F192E6 /* XCRemoteSwiftPackageReference "ffmpeg-kit-spm" */ = {
			isa = XCRemoteSwiftPackageReference;
			repositoryURL = "https://github.com/kaito-tokyo/ffmpeg-kit-spm.git";
			requirement = {
				kind = upToNextMajorVersion;
				minimumVersion = 6.0.3;
			};
		};
/* End XCRemoteSwiftPackageReference section */

/* Begin XCSwiftPackageProductDependency section */
		22F103CE2B8F212600F192E6 /* FFmpegKit */ = {
			isa = XCSwiftPackageProductDependency;
			package = 22F103CD2B8F212600F192E6 /* XCRemoteSwiftPackageReference "ffmpeg-kit-spm" */;
			productName = FFmpegKit;
		};
		22F103D12B8F22C900F192E6 /* FFmpegKit */ = {
			isa = XCSwiftPackageProductDependency;
			package = 22F103CD2B8F212600F192E6 /* XCRemoteSwiftPackageReference "ffmpeg-kit-spm" */;
			productName = FFmpegKit;
		};
		22F103D72B8F2CF400F192E6 /* FFmpegKit */ = {
			isa = XCSwiftPackageProductDependency;
			package = 22F103CD2B8F212600F192E6 /* XCRemoteSwiftPackageReference "ffmpeg-kit-spm" */;
			productName = FFmpegKit;
		};
/* End XCSwiftPackageProductDependency section */
	};
	rootObject = 22C3CCEF2AF240B30039750A /* Project object */;
}
